
Microsoft Visual Studio Solution File, Format Version 12.00
# Visual Studio Version 17
VisualStudioVersion = 17.11.35327.3
MinimumVisualStudioVersion = 10.0.40219.1
Project("{FAE04EC0-301F-11D3-BF4B-00C04F79EFBC}") = "ChatPot", "ChatPot\ChatPot.csproj", "{10464841-DB47-4F94-A5BF-C6930C936812}"
EndProject
Global
	GlobalSection(SolutionConfigurationPlatforms) = preSolution
		Debug|Any CPU = Debug|Any CPU
		Release|Any CPU = Release|Any CPU
	EndGlobalSection
	GlobalSection(ProjectConfigurationPlatforms) = postSolution
		{10464841-DB47-4F94-A5BF-C6930C936812}.Debug|Any CPU.ActiveCfg = Debug|Any CPU
		{10464841-DB47-4F94-A5BF-C6930C936812}.Debug|Any CPU.Build.0 = Debug|Any CPU
		{10464841-DB47-4F94-A5BF-C6930C936812}.Release|Any CPU.ActiveCfg = Release|Any CPU
		{10464841-DB47-4F94-A5BF-C6930C936812}.Release|Any CPU.Build.0 = Release|Any CPU
	EndGlobalSection
	GlobalSection(SolutionProperties) = preSolution
		HideSolutionNode = FALSE
	EndGlobalSection
	GlobalSection(ExtensibilityGlobals) = postSolution
		SolutionGuid = {D33B0F79-C3B7-4073-B295-F9FE2433DAEA}
	EndGlobalSection
EndGlobal
